// !$*UTF8*$!
{
	archiveVersion = 1;
	classes = {
	};
	objectVersion = 46;
	objects = {

/* Begin PBXBuildFile section */
		4340EEC61FAAF49A00826F43 /* TArray.swift in Sources */ = {isa = PBXBuildFile; fileRef = 4340EEC51FAAF49A00826F43 /* TArray.swift */; };
		436E24541FE1338B00199D99 /* TTableModelViewController.swift in Sources */ = {isa = PBXBuildFile; fileRef = 436E24531FE1338B00199D99 /* TTableModelViewController.swift */; };
		437E6EE91F39D06F00648AF1 /* TExtension.swift in Sources */ = {isa = PBXBuildFile; fileRef = 437E6EE11F39D06F00648AF1 /* TExtension.swift */; };
		437E6EEA1F39D06F00648AF1 /* Json.swift in Sources */ = {isa = PBXBuildFile; fileRef = 437E6EE31F39D06F00648AF1 /* Json.swift */; };
		437E6EEB1F39D06F00648AF1 /* JsonInitial.swift in Sources */ = {isa = PBXBuildFile; fileRef = 437E6EE41F39D06F00648AF1 /* JsonInitial.swift */; };
		437E6EEC1F39D06F00648AF1 /* LocalItem.swift in Sources */ = {isa = PBXBuildFile; fileRef = 437E6EE61F39D06F00648AF1 /* LocalItem.swift */; };
		437E6EED1F39D06F00648AF1 /* T.swift in Sources */ = {isa = PBXBuildFile; fileRef = 437E6EE71F39D06F00648AF1 /* T.swift */; };
		437E6EEE1F39D06F00648AF1 /* THashable.swift in Sources */ = {isa = PBXBuildFile; fileRef = 437E6EE81F39D06F00648AF1 /* THashable.swift */; };
		437E6EF01F39D09A00648AF1 /* TColor.swift in Sources */ = {isa = PBXBuildFile; fileRef = 437E6EEF1F39D09A00648AF1 /* TColor.swift */; };
		437E6F1E1F39EF9800648AF1 /* TString.swift in Sources */ = {isa = PBXBuildFile; fileRef = 437E6F1D1F39EF9800648AF1 /* TString.swift */; };
		4381FABE1FA802FC00540681 /* TData.swift in Sources */ = {isa = PBXBuildFile; fileRef = 4381FABD1FA802FC00540681 /* TData.swift */; };
		4381FAC21FA80EDA00540681 /* file1.json in Resources */ = {isa = PBXBuildFile; fileRef = 4381FAC11FA80EDA00540681 /* file1.json */; };
		4381FAC41FA80F6F00540681 /* file2.json in Resources */ = {isa = PBXBuildFile; fileRef = 4381FAC31FA80F6F00540681 /* file2.json */; };
		438490D51FA185A1005460E9 /* TImage.swift in Sources */ = {isa = PBXBuildFile; fileRef = 438490D41FA185A1005460E9 /* TImage.swift */; };
		439089D41F3BDDD30030694E /* TExtensions.swift in Sources */ = {isa = PBXBuildFile; fileRef = 439089D21F3BDDD30030694E /* TExtensions.swift */; };
		439089D51F3BDDD30030694E /* TView.swift in Sources */ = {isa = PBXBuildFile; fileRef = 439089D31F3BDDD30030694E /* TView.swift */; };
		43972D0E1F3989670029B66B /* AppDelegate.swift in Sources */ = {isa = PBXBuildFile; fileRef = 43972D0D1F3989670029B66B /* AppDelegate.swift */; };
		43972D101F3989670029B66B /* ViewController.swift in Sources */ = {isa = PBXBuildFile; fileRef = 43972D0F1F3989670029B66B /* ViewController.swift */; };
		43972D131F3989670029B66B /* Main.storyboard in Resources */ = {isa = PBXBuildFile; fileRef = 43972D111F3989670029B66B /* Main.storyboard */; };
		43972D151F3989670029B66B /* Assets.xcassets in Resources */ = {isa = PBXBuildFile; fileRef = 43972D141F3989670029B66B /* Assets.xcassets */; };
		43972D181F3989670029B66B /* LaunchScreen.storyboard in Resources */ = {isa = PBXBuildFile; fileRef = 43972D161F3989670029B66B /* LaunchScreen.storyboard */; };
		43972D231F3989680029B66B /* TDemoTests.swift in Sources */ = {isa = PBXBuildFile; fileRef = 43972D221F3989680029B66B /* TDemoTests.swift */; };
		43CFEB2C1F55316400C50265 /* TTableView.swift in Sources */ = {isa = PBXBuildFile; fileRef = 43CFEB2B1F55316400C50265 /* TTableView.swift */; };
		43EC9FCA1F6152B000600585 /* TJsonOperators.swift in Sources */ = {isa = PBXBuildFile; fileRef = 43EC9FC91F6152B000600585 /* TJsonOperators.swift */; };
/* End PBXBuildFile section */

/* Begin PBXContainerItemProxy section */
		43972D1F1F3989680029B66B /* PBXContainerItemProxy */ = {
			isa = PBXContainerItemProxy;
			containerPortal = 43972D021F3989670029B66B /* Project object */;
			proxyType = 1;
			remoteGlobalIDString = 43972D091F3989670029B66B;
			remoteInfo = TDemo;
		};
/* End PBXContainerItemProxy section */

/* Begin PBXFileReference section */
		4340EEC51FAAF49A00826F43 /* TArray.swift */ = {isa = PBXFileReference; lastKnownFileType = sourcecode.swift; path = TArray.swift; sourceTree = "<group>"; };
		436E24531FE1338B00199D99 /* TTableModelViewController.swift */ = {isa = PBXFileReference; lastKnownFileType = sourcecode.swift; path = TTableModelViewController.swift; sourceTree = "<group>"; };
		437E6EE11F39D06F00648AF1 /* TExtension.swift */ = {isa = PBXFileReference; fileEncoding = 4; lastKnownFileType = sourcecode.swift; path = TExtension.swift; sourceTree = "<group>"; };
		437E6EE31F39D06F00648AF1 /* Json.swift */ = {isa = PBXFileReference; fileEncoding = 4; lastKnownFileType = sourcecode.swift; path = Json.swift; sourceTree = "<group>"; };
		437E6EE41F39D06F00648AF1 /* JsonInitial.swift */ = {isa = PBXFileReference; fileEncoding = 4; lastKnownFileType = sourcecode.swift; path = JsonInitial.swift; sourceTree = "<group>"; };
		437E6EE61F39D06F00648AF1 /* LocalItem.swift */ = {isa = PBXFileReference; fileEncoding = 4; lastKnownFileType = sourcecode.swift; path = LocalItem.swift; sourceTree = "<group>"; };
		437E6EE71F39D06F00648AF1 /* T.swift */ = {isa = PBXFileReference; fileEncoding = 4; lastKnownFileType = sourcecode.swift; path = T.swift; sourceTree = "<group>"; };
		437E6EE81F39D06F00648AF1 /* THashable.swift */ = {isa = PBXFileReference; fileEncoding = 4; lastKnownFileType = sourcecode.swift; path = THashable.swift; sourceTree = "<group>"; };
		437E6EEF1F39D09A00648AF1 /* TColor.swift */ = {isa = PBXFileReference; fileEncoding = 4; lastKnownFileType = sourcecode.swift; path = TColor.swift; sourceTree = "<group>"; };
		437E6F1D1F39EF9800648AF1 /* TString.swift */ = {isa = PBXFileReference; fileEncoding = 4; lastKnownFileType = sourcecode.swift; path = TString.swift; sourceTree = "<group>"; };
		4381FABD1FA802FC00540681 /* TData.swift */ = {isa = PBXFileReference; lastKnownFileType = sourcecode.swift; path = TData.swift; sourceTree = "<group>"; };
		4381FAC11FA80EDA00540681 /* file1.json */ = {isa = PBXFileReference; lastKnownFileType = text.json; path = file1.json; sourceTree = "<group>"; };
		4381FAC31FA80F6F00540681 /* file2.json */ = {isa = PBXFileReference; lastKnownFileType = text.json; path = file2.json; sourceTree = "<group>"; };
		438490D41FA185A1005460E9 /* TImage.swift */ = {isa = PBXFileReference; lastKnownFileType = sourcecode.swift; path = TImage.swift; sourceTree = "<group>"; };
		439089D21F3BDDD30030694E /* TExtensions.swift */ = {isa = PBXFileReference; fileEncoding = 4; lastKnownFileType = sourcecode.swift; path = TExtensions.swift; sourceTree = "<group>"; };
		439089D31F3BDDD30030694E /* TView.swift */ = {isa = PBXFileReference; fileEncoding = 4; lastKnownFileType = sourcecode.swift; path = TView.swift; sourceTree = "<group>"; };
		43972D0A1F3989670029B66B /* TDemo.app */ = {isa = PBXFileReference; explicitFileType = wrapper.application; includeInIndex = 0; path = TDemo.app; sourceTree = BUILT_PRODUCTS_DIR; };
		43972D0D1F3989670029B66B /* AppDelegate.swift */ = {isa = PBXFileReference; lastKnownFileType = sourcecode.swift; path = AppDelegate.swift; sourceTree = "<group>"; };
		43972D0F1F3989670029B66B /* ViewController.swift */ = {isa = PBXFileReference; lastKnownFileType = sourcecode.swift; path = ViewController.swift; sourceTree = "<group>"; };
		43972D121F3989670029B66B /* Base */ = {isa = PBXFileReference; lastKnownFileType = file.storyboard; name = Base; path = Base.lproj/Main.storyboard; sourceTree = "<group>"; };
		43972D141F3989670029B66B /* Assets.xcassets */ = {isa = PBXFileReference; lastKnownFileType = folder.assetcatalog; path = Assets.xcassets; sourceTree = "<group>"; };
		43972D171F3989670029B66B /* Base */ = {isa = PBXFileReference; lastKnownFileType = file.storyboard; name = Base; path = Base.lproj/LaunchScreen.storyboard; sourceTree = "<group>"; };
		43972D191F3989670029B66B /* Info.plist */ = {isa = PBXFileReference; lastKnownFileType = text.plist.xml; path = Info.plist; sourceTree = "<group>"; };
		43972D1E1F3989680029B66B /* TDemoTests.xctest */ = {isa = PBXFileReference; explicitFileType = wrapper.cfbundle; includeInIndex = 0; path = TDemoTests.xctest; sourceTree = BUILT_PRODUCTS_DIR; };
		43972D221F3989680029B66B /* TDemoTests.swift */ = {isa = PBXFileReference; lastKnownFileType = sourcecode.swift; path = TDemoTests.swift; sourceTree = "<group>"; };
		43972D241F3989680029B66B /* Info.plist */ = {isa = PBXFileReference; lastKnownFileType = text.plist.xml; path = Info.plist; sourceTree = "<group>"; };
		43CFEB2B1F55316400C50265 /* TTableView.swift */ = {isa = PBXFileReference; fileEncoding = 4; lastKnownFileType = sourcecode.swift; path = TTableView.swift; sourceTree = "<group>"; };
		43EC9FC91F6152B000600585 /* TJsonOperators.swift */ = {isa = PBXFileReference; fileEncoding = 4; lastKnownFileType = sourcecode.swift; path = TJsonOperators.swift; sourceTree = "<group>"; };
/* End PBXFileReference section */

/* Begin PBXFrameworksBuildPhase section */
		43972D071F3989670029B66B /* Frameworks */ = {
			isa = PBXFrameworksBuildPhase;
			buildActionMask = 2147483647;
			files = (
			);
			runOnlyForDeploymentPostprocessing = 0;
		};
		43972D1B1F3989680029B66B /* Frameworks */ = {
			isa = PBXFrameworksBuildPhase;
			buildActionMask = 2147483647;
			files = (
			);
			runOnlyForDeploymentPostprocessing = 0;
		};
/* End PBXFrameworksBuildPhase section */

/* Begin PBXGroup section */
		436E24521FE1336900199D99 /* TableView */ = {
			isa = PBXGroup;
			children = (
				43CFEB2B1F55316400C50265 /* TTableView.swift */,
				436E24531FE1338B00199D99 /* TTableModelViewController.swift */,
			);
			path = TableView;
			sourceTree = "<group>";
		};
		437E6EDF1F39D06F00648AF1 /* src */ = {
			isa = PBXGroup;
			children = (
				436E24521FE1336900199D99 /* TableView */,
				437E6EE01F39D06F00648AF1 /* Extension */,
				437E6EE21F39D06F00648AF1 /* Json */,
				437E6EE51F39D06F00648AF1 /* LocalItem */,
				437E6EE71F39D06F00648AF1 /* T.swift */,
				43EC9FC91F6152B000600585 /* TJsonOperators.swift */,
				437E6EE81F39D06F00648AF1 /* THashable.swift */,
				437E6EEF1F39D09A00648AF1 /* TColor.swift */,
				437E6F1D1F39EF9800648AF1 /* TString.swift */,
				439089D21F3BDDD30030694E /* TExtensions.swift */,
				439089D31F3BDDD30030694E /* TView.swift */,
				438490D41FA185A1005460E9 /* TImage.swift */,
				4381FABD1FA802FC00540681 /* TData.swift */,
				4340EEC51FAAF49A00826F43 /* TArray.swift */,
				4381FAC11FA80EDA00540681 /* file1.json */,
				4381FAC31FA80F6F00540681 /* file2.json */,
			);
			name = src;
			path = ../src;
			sourceTree = "<group>";
		};
		437E6EE01F39D06F00648AF1 /* Extension */ = {
			isa = PBXGroup;
			children = (
				437E6EE11F39D06F00648AF1 /* TExtension.swift */,
			);
			path = Extension;
			sourceTree = "<group>";
		};
		437E6EE21F39D06F00648AF1 /* Json */ = {
			isa = PBXGroup;
			children = (
				437E6EE31F39D06F00648AF1 /* Json.swift */,
				437E6EE41F39D06F00648AF1 /* JsonInitial.swift */,
			);
			path = Json;
			sourceTree = "<group>";
		};
		437E6EE51F39D06F00648AF1 /* LocalItem */ = {
			isa = PBXGroup;
			children = (
				437E6EE61F39D06F00648AF1 /* LocalItem.swift */,
			);
			path = LocalItem;
			sourceTree = "<group>";
		};
		43972D011F3989670029B66B = {
			isa = PBXGroup;
			children = (
				437E6EDF1F39D06F00648AF1 /* src */,
				43972D0C1F3989670029B66B /* TDemo */,
				43972D211F3989680029B66B /* TDemoTests */,
				43972D0B1F3989670029B66B /* Products */,
			);
			sourceTree = "<group>";
		};
		43972D0B1F3989670029B66B /* Products */ = {
			isa = PBXGroup;
			children = (
				43972D0A1F3989670029B66B /* TDemo.app */,
				43972D1E1F3989680029B66B /* TDemoTests.xctest */,
			);
			name = Products;
			sourceTree = "<group>";
		};
		43972D0C1F3989670029B66B /* TDemo */ = {
			isa = PBXGroup;
			children = (
				43972D0D1F3989670029B66B /* AppDelegate.swift */,
				43972D0F1F3989670029B66B /* ViewController.swift */,
				43972D111F3989670029B66B /* Main.storyboard */,
				43972D141F3989670029B66B /* Assets.xcassets */,
				43972D161F3989670029B66B /* LaunchScreen.storyboard */,
				43972D191F3989670029B66B /* Info.plist */,
			);
			path = TDemo;
			sourceTree = "<group>";
		};
		43972D211F3989680029B66B /* TDemoTests */ = {
			isa = PBXGroup;
			children = (
				43972D221F3989680029B66B /* TDemoTests.swift */,
				43972D241F3989680029B66B /* Info.plist */,
			);
			path = TDemoTests;
			sourceTree = "<group>";
		};
/* End PBXGroup section */

/* Begin PBXNativeTarget section */
		43972D091F3989670029B66B /* TDemo */ = {
			isa = PBXNativeTarget;
			buildConfigurationList = 43972D271F3989680029B66B /* Build configuration list for PBXNativeTarget "TDemo" */;
			buildPhases = (
				43972D061F3989670029B66B /* Sources */,
				43972D071F3989670029B66B /* Frameworks */,
				43972D081F3989670029B66B /* Resources */,
			);
			buildRules = (
			);
			dependencies = (
			);
			name = TDemo;
			productName = TDemo;
			productReference = 43972D0A1F3989670029B66B /* TDemo.app */;
			productType = "com.apple.product-type.application";
		};
		43972D1D1F3989680029B66B /* TDemoTests */ = {
			isa = PBXNativeTarget;
			buildConfigurationList = 43972D2A1F3989680029B66B /* Build configuration list for PBXNativeTarget "TDemoTests" */;
			buildPhases = (
				43972D1A1F3989680029B66B /* Sources */,
				43972D1B1F3989680029B66B /* Frameworks */,
				43972D1C1F3989680029B66B /* Resources */,
			);
			buildRules = (
			);
			dependencies = (
				43972D201F3989680029B66B /* PBXTargetDependency */,
			);
			name = TDemoTests;
			productName = TDemoTests;
			productReference = 43972D1E1F3989680029B66B /* TDemoTests.xctest */;
			productType = "com.apple.product-type.bundle.unit-test";
		};
/* End PBXNativeTarget section */

/* Begin PBXProject section */
		43972D021F3989670029B66B /* Project object */ = {
			isa = PBXProject;
			attributes = {
				LastSwiftUpdateCheck = 0830;
				LastUpgradeCheck = 0830;
				ORGANIZATIONNAME = Virpik;
				TargetAttributes = {
					43972D091F3989670029B66B = {
						CreatedOnToolsVersion = 8.3.3;
						ProvisioningStyle = Automatic;
					};
					43972D1D1F3989680029B66B = {
						CreatedOnToolsVersion = 8.3.3;
						ProvisioningStyle = Automatic;
						TestTargetID = 43972D091F3989670029B66B;
					};
				};
			};
			buildConfigurationList = 43972D051F3989670029B66B /* Build configuration list for PBXProject "TDemo" */;
			compatibilityVersion = "Xcode 3.2";
			developmentRegion = English;
			hasScannedForEncodings = 0;
			knownRegions = (
				en,
				Base,
			);
			mainGroup = 43972D011F3989670029B66B;
			productRefGroup = 43972D0B1F3989670029B66B /* Products */;
			projectDirPath = "";
			projectRoot = "";
			targets = (
				43972D091F3989670029B66B /* TDemo */,
				43972D1D1F3989680029B66B /* TDemoTests */,
			);
		};
/* End PBXProject section */

/* Begin PBXResourcesBuildPhase section */
		43972D081F3989670029B66B /* Resources */ = {
			isa = PBXResourcesBuildPhase;
			buildActionMask = 2147483647;
			files = (
				43972D181F3989670029B66B /* LaunchScreen.storyboard in Resources */,
				4381FAC21FA80EDA00540681 /* file1.json in Resources */,
				4381FAC41FA80F6F00540681 /* file2.json in Resources */,
				43972D151F3989670029B66B /* Assets.xcassets in Resources */,
				43972D131F3989670029B66B /* Main.storyboard in Resources */,
			);
			runOnlyForDeploymentPostprocessing = 0;
		};
		43972D1C1F3989680029B66B /* Resources */ = {
			isa = PBXResourcesBuildPhase;
			buildActionMask = 2147483647;
			files = (
			);
			runOnlyForDeploymentPostprocessing = 0;
		};
/* End PBXResourcesBuildPhase section */

/* Begin PBXSourcesBuildPhase section */
		43972D061F3989670029B66B /* Sources */ = {
			isa = PBXSourcesBuildPhase;
			buildActionMask = 2147483647;
			files = (
				437E6EED1F39D06F00648AF1 /* T.swift in Sources */,
				4340EEC61FAAF49A00826F43 /* TArray.swift in Sources */,
				436E24541FE1338B00199D99 /* TTableModelViewController.swift in Sources */,
				43CFEB2C1F55316400C50265 /* TTableView.swift in Sources */,
				439089D51F3BDDD30030694E /* TView.swift in Sources */,
				437E6EEC1F39D06F00648AF1 /* LocalItem.swift in Sources */,
				4381FABE1FA802FC00540681 /* TData.swift in Sources */,
				439089D41F3BDDD30030694E /* TExtensions.swift in Sources */,
				43972D101F3989670029B66B /* ViewController.swift in Sources */,
				43972D0E1F3989670029B66B /* AppDelegate.swift in Sources */,
				438490D51FA185A1005460E9 /* TImage.swift in Sources */,
				437E6EEB1F39D06F00648AF1 /* JsonInitial.swift in Sources */,
				437E6EF01F39D09A00648AF1 /* TColor.swift in Sources */,
				437E6EE91F39D06F00648AF1 /* TExtension.swift in Sources */,
				437E6F1E1F39EF9800648AF1 /* TString.swift in Sources */,
				437E6EEE1F39D06F00648AF1 /* THashable.swift in Sources */,
				43EC9FCA1F6152B000600585 /* TJsonOperators.swift in Sources */,
				437E6EEA1F39D06F00648AF1 /* Json.swift in Sources */,
			);
			runOnlyForDeploymentPostprocessing = 0;
		};
		43972D1A1F3989680029B66B /* Sources */ = {
			isa = PBXSourcesBuildPhase;
			buildActionMask = 2147483647;
			files = (
				43972D231F3989680029B66B /* TDemoTests.swift in Sources */,
			);
			runOnlyForDeploymentPostprocessing = 0;
		};
/* End PBXSourcesBuildPhase section */

/* Begin PBXTargetDependency section */
		43972D201F3989680029B66B /* PBXTargetDependency */ = {
			isa = PBXTargetDependency;
			target = 43972D091F3989670029B66B /* TDemo */;
			targetProxy = 43972D1F1F3989680029B66B /* PBXContainerItemProxy */;
		};
/* End PBXTargetDependency section */

/* Begin PBXVariantGroup section */
		43972D111F3989670029B66B /* Main.storyboard */ = {
			isa = PBXVariantGroup;
			children = (
				43972D121F3989670029B66B /* Base */,
			);
			name = Main.storyboard;
			sourceTree = "<group>";
		};
		43972D161F3989670029B66B /* LaunchScreen.storyboard */ = {
			isa = PBXVariantGroup;
			children = (
				43972D171F3989670029B66B /* Base */,
			);
			name = LaunchScreen.storyboard;
			sourceTree = "<group>";
		};
/* End PBXVariantGroup section */

/* Begin XCBuildConfiguration section */
		43972D251F3989680029B66B /* Debug */ = {
			isa = XCBuildConfiguration;
			buildSettings = {
				ALWAYS_SEARCH_USER_PATHS = NO;
				CLANG_ANALYZER_NONNULL = YES;
				CLANG_ANALYZER_NUMBER_OBJECT_CONVERSION = YES_AGGRESSIVE;
				CLANG_CXX_LANGUAGE_STANDARD = "gnu++0x";
				CLANG_CXX_LIBRARY = "libc++";
				CLANG_ENABLE_MODULES = YES;
				CLANG_ENABLE_OBJC_ARC = YES;
				CLANG_WARN_BOOL_CONVERSION = YES;
				CLANG_WARN_CONSTANT_CONVERSION = YES;
				CLANG_WARN_DIRECT_OBJC_ISA_USAGE = YES_ERROR;
				CLANG_WARN_DOCUMENTATION_COMMENTS = YES;
				CLANG_WARN_EMPTY_BODY = YES;
				CLANG_WARN_ENUM_CONVERSION = YES;
				CLANG_WARN_INFINITE_RECURSION = YES;
				CLANG_WARN_INT_CONVERSION = YES;
				CLANG_WARN_OBJC_ROOT_CLASS = YES_ERROR;
				CLANG_WARN_SUSPICIOUS_MOVE = YES;
				CLANG_WARN_UNREACHABLE_CODE = YES;
				CLANG_WARN__DUPLICATE_METHOD_MATCH = YES;
				"CODE_SIGN_IDENTITY[sdk=iphoneos*]" = "iPhone Developer";
				COPY_PHASE_STRIP = NO;
				DEBUG_INFORMATION_FORMAT = dwarf;
				ENABLE_STRICT_OBJC_MSGSEND = YES;
				ENABLE_TESTABILITY = YES;
				GCC_C_LANGUAGE_STANDARD = gnu99;
				GCC_DYNAMIC_NO_PIC = NO;
				GCC_NO_COMMON_BLOCKS = YES;
				GCC_OPTIMIZATION_LEVEL = 0;
				GCC_PREPROCESSOR_DEFINITIONS = (
					"DEBUG=1",
					"$(inherited)",
				);
				GCC_WARN_64_TO_32_BIT_CONVERSION = YES;
				GCC_WARN_ABOUT_RETURN_TYPE = YES_ERROR;
				GCC_WARN_UNDECLARED_SELECTOR = YES;
				GCC_WARN_UNINITIALIZED_AUTOS = YES_AGGRESSIVE;
				GCC_WARN_UNUSED_FUNCTION = YES;
				GCC_WARN_UNUSED_VARIABLE = YES;
				IPHONEOS_DEPLOYMENT_TARGET = 10.3;
				MTL_ENABLE_DEBUG_INFO = YES;
				ONLY_ACTIVE_ARCH = YES;
				SDKROOT = iphoneos;
				SWIFT_ACTIVE_COMPILATION_CONDITIONS = DEBUG;
				SWIFT_OPTIMIZATION_LEVEL = "-Onone";
				TARGETED_DEVICE_FAMILY = "1,2";
			};
			name = Debug;
		};
		43972D261F3989680029B66B /* Release */ = {
			isa = XCBuildConfiguration;
			buildSettings = {
				ALWAYS_SEARCH_USER_PATHS = NO;
				CLANG_ANALYZER_NONNULL = YES;
				CLANG_ANALYZER_NUMBER_OBJECT_CONVERSION = YES_AGGRESSIVE;
				CLANG_CXX_LANGUAGE_STANDARD = "gnu++0x";
				CLANG_CXX_LIBRARY = "libc++";
				CLANG_ENABLE_MODULES = YES;
				CLANG_ENABLE_OBJC_ARC = YES;
				CLANG_WARN_BOOL_CONVERSION = YES;
				CLANG_WARN_CONSTANT_CONVERSION = YES;
				CLANG_WARN_DIRECT_OBJC_ISA_USAGE = YES_ERROR;
				CLANG_WARN_DOCUMENTATION_COMMENTS = YES;
				CLANG_WARN_EMPTY_BODY = YES;
				CLANG_WARN_ENUM_CONVERSION = YES;
				CLANG_WARN_INFINITE_RECURSION = YES;
				CLANG_WARN_INT_CONVERSION = YES;
				CLANG_WARN_OBJC_ROOT_CLASS = YES_ERROR;
				CLANG_WARN_SUSPICIOUS_MOVE = YES;
				CLANG_WARN_UNREACHABLE_CODE = YES;
				CLANG_WARN__DUPLICATE_METHOD_MATCH = YES;
				"CODE_SIGN_IDENTITY[sdk=iphoneos*]" = "iPhone Developer";
				COPY_PHASE_STRIP = NO;
				DEBUG_INFORMATION_FORMAT = "dwarf-with-dsym";
				ENABLE_NS_ASSERTIONS = NO;
				ENABLE_STRICT_OBJC_MSGSEND = YES;
				GCC_C_LANGUAGE_STANDARD = gnu99;
				GCC_NO_COMMON_BLOCKS = YES;
				GCC_WARN_64_TO_32_BIT_CONVERSION = YES;
				GCC_WARN_ABOUT_RETURN_TYPE = YES_ERROR;
				GCC_WARN_UNDECLARED_SELECTOR = YES;
				GCC_WARN_UNINITIALIZED_AUTOS = YES_AGGRESSIVE;
				GCC_WARN_UNUSED_FUNCTION = YES;
				GCC_WARN_UNUSED_VARIABLE = YES;
				IPHONEOS_DEPLOYMENT_TARGET = 10.3;
				MTL_ENABLE_DEBUG_INFO = NO;
				SDKROOT = iphoneos;
				SWIFT_OPTIMIZATION_LEVEL = "-Owholemodule";
				TARGETED_DEVICE_FAMILY = "1,2";
				VALIDATE_PRODUCT = YES;
			};
			name = Release;
		};
		43972D281F3989680029B66B /* Debug */ = {
			isa = XCBuildConfiguration;
			buildSettings = {
				ASSETCATALOG_COMPILER_APPICON_NAME = AppIcon;
				INFOPLIST_FILE = TDemo/Info.plist;
				LD_RUNPATH_SEARCH_PATHS = "$(inherited) @executable_path/Frameworks";
				PRODUCT_BUNDLE_IDENTIFIER = ru.Tt.TDemo;
				PRODUCT_NAME = "$(TARGET_NAME)";
				SWIFT_VERSION = 3.0;
			};
			name = Debug;
		};
		43972D291F3989680029B66B /* Release */ = {
			isa = XCBuildConfiguration;
			buildSettings = {
				ASSETCATALOG_COMPILER_APPICON_NAME = AppIcon;
				INFOPLIST_FILE = TDemo/Info.plist;
				LD_RUNPATH_SEARCH_PATHS = "$(inherited) @executable_path/Frameworks";
				PRODUCT_BUNDLE_IDENTIFIER = ru.Tt.TDemo;
				PRODUCT_NAME = "$(TARGET_NAME)";
				SWIFT_VERSION = 3.0;
			};
			name = Release;
		};
		43972D2B1F3989680029B66B /* Debug */ = {
			isa = XCBuildConfiguration;
			buildSettings = {
				ALWAYS_EMBED_SWIFT_STANDARD_LIBRARIES = YES;
				BUNDLE_LOADER = "$(TEST_HOST)";
				INFOPLIST_FILE = TDemoTests/Info.plist;
				LD_RUNPATH_SEARCH_PATHS = "$(inherited) @executable_path/Frameworks @loader_path/Frameworks";
				PRODUCT_BUNDLE_IDENTIFIER = ru.Tt.TDemoTests;
				PRODUCT_NAME = "$(TARGET_NAME)";
				SWIFT_VERSION = 3.0;
				TEST_HOST = "$(BUILT_PRODUCTS_DIR)/TDemo.app/TDemo";
			};
			name = Debug;
		};
		43972D2C1F3989680029B66B /* Release */ = {
			isa = XCBuildConfiguration;
			buildSettings = {
				ALWAYS_EMBED_SWIFT_STANDARD_LIBRARIES = YES;
				BUNDLE_LOADER = "$(TEST_HOST)";
				INFOPLIST_FILE = TDemoTests/Info.plist;
				LD_RUNPATH_SEARCH_PATHS = "$(inherited) @executable_path/Frameworks @loader_path/Frameworks";
				PRODUCT_BUNDLE_IDENTIFIER = ru.Tt.TDemoTests;
				PRODUCT_NAME = "$(TARGET_NAME)";
				SWIFT_VERSION = 3.0;
				TEST_HOST = "$(BUILT_PRODUCTS_DIR)/TDemo.app/TDemo";
			};
			name = Release;
		};
/* End XCBuildConfiguration section */

/* Begin XCConfigurationList section */
		43972D051F3989670029B66B /* Build configuration list for PBXProject "TDemo" */ = {
			isa = XCConfigurationList;
			buildConfigurations = (
				43972D251F3989680029B66B /* Debug */,
				43972D261F3989680029B66B /* Release */,
			);
			defaultConfigurationIsVisible = 0;
			defaultConfigurationName = Release;
		};
		43972D271F3989680029B66B /* Build configuration list for PBXNativeTarget "TDemo" */ = {
			isa = XCConfigurationList;
			buildConfigurations = (
				43972D281F3989680029B66B /* Debug */,
				43972D291F3989680029B66B /* Release */,
			);
			defaultConfigurationIsVisible = 0;
			defaultConfigurationName = Release;
		};
		43972D2A1F3989680029B66B /* Build configuration list for PBXNativeTarget "TDemoTests" */ = {
			isa = XCConfigurationList;
			buildConfigurations = (
				43972D2B1F3989680029B66B /* Debug */,
				43972D2C1F3989680029B66B /* Release */,
			);
			defaultConfigurationIsVisible = 0;
			defaultConfigurationName = Release;
		};
/* End XCConfigurationList section */
	};
	rootObject = 43972D021F3989670029B66B /* Project object */;
}
