// !$*UTF8*$!
{
	archiveVersion = 1;
	classes = {
	};
	objectVersion = 46;
	objects = {

/* Begin PBXBuildFile section */
		432FE3D72015DC050082E13D /* T.podspec in Resources */ = {isa = PBXBuildFile; fileRef = 432FE3D62015DC040082E13D /* T.podspec */; };
		434C2C731FEBD5CB00B62481 /* TMenuItemCell.swift in Sources */ = {isa = PBXBuildFile; fileRef = 434C2C711FEBD5CB00B62481 /* TMenuItemCell.swift */; };
		434C2C741FEBD5CB00B62481 /* TMenuItemCell.xib in Resources */ = {isa = PBXBuildFile; fileRef = 434C2C721FEBD5CB00B62481 /* TMenuItemCell.xib */; };
		434C2C771FEBD68000B62481 /* TMenuItemRowModel.swift in Sources */ = {isa = PBXBuildFile; fileRef = 434C2C761FEBD68000B62481 /* TMenuItemRowModel.swift */; };
		434C2C7A1FEBD6EA00B62481 /* TMenuItem.swift in Sources */ = {isa = PBXBuildFile; fileRef = 434C2C791FEBD6EA00B62481 /* TMenuItem.swift */; };
		434C2C831FEC8FCA00B62481 /* TDemoTableViewController.swift in Sources */ = {isa = PBXBuildFile; fileRef = 434C2C821FEC8FCA00B62481 /* TDemoTableViewController.swift */; };
		436947BC1FEC9A02003B147B /* TDemoCell.swift in Sources */ = {isa = PBXBuildFile; fileRef = 436947BA1FEC9A02003B147B /* TDemoCell.swift */; };
		436947BD1FEC9A02003B147B /* TDemoCell.xib in Resources */ = {isa = PBXBuildFile; fileRef = 436947BB1FEC9A02003B147B /* TDemoCell.xib */; };
		436947BF1FEC9BFC003B147B /* TDemoRowModel.swift in Sources */ = {isa = PBXBuildFile; fileRef = 436947BE1FEC9BFC003B147B /* TDemoRowModel.swift */; };
		436947C11FEC9D25003B147B /* TDemoItem.swift in Sources */ = {isa = PBXBuildFile; fileRef = 436947C01FEC9D25003B147B /* TDemoItem.swift */; };
		43972D0E1F3989670029B66B /* AppDelegate.swift in Sources */ = {isa = PBXBuildFile; fileRef = 43972D0D1F3989670029B66B /* AppDelegate.swift */; };
		43972D101F3989670029B66B /* ViewController.swift in Sources */ = {isa = PBXBuildFile; fileRef = 43972D0F1F3989670029B66B /* ViewController.swift */; };
		43972D131F3989670029B66B /* Main.storyboard in Resources */ = {isa = PBXBuildFile; fileRef = 43972D111F3989670029B66B /* Main.storyboard */; };
		43972D151F3989670029B66B /* Assets.xcassets in Resources */ = {isa = PBXBuildFile; fileRef = 43972D141F3989670029B66B /* Assets.xcassets */; };
		43972D181F3989670029B66B /* LaunchScreen.storyboard in Resources */ = {isa = PBXBuildFile; fileRef = 43972D161F3989670029B66B /* LaunchScreen.storyboard */; };
		43972D231F3989680029B66B /* TDemoTests.swift in Sources */ = {isa = PBXBuildFile; fileRef = 43972D221F3989680029B66B /* TDemoTests.swift */; };
		4C57639A3F4DFC6ACDEB36DD /* Pods_TDemo.framework in Frameworks */ = {isa = PBXBuildFile; fileRef = 932965434AADC9EA62A2678A /* Pods_TDemo.framework */; };
		97859F80736A7EBF89F4786C /* Pods_TDemoTests.framework in Frameworks */ = {isa = PBXBuildFile; fileRef = FD21F502FC13E24FAD464179 /* Pods_TDemoTests.framework */; };
/* End PBXBuildFile section */

/* Begin PBXContainerItemProxy section */
		43972D1F1F3989680029B66B /* PBXContainerItemProxy */ = {
			isa = PBXContainerItemProxy;
			containerPortal = 43972D021F3989670029B66B /* Project object */;
			proxyType = 1;
			remoteGlobalIDString = 43972D091F3989670029B66B;
			remoteInfo = TDemo;
		};
/* End PBXContainerItemProxy section */

/* Begin PBXFileReference section */
		0B5F976CAB332D64BF75D15C /* Pods-TDemoTests.debug.xcconfig */ = {isa = PBXFileReference; includeInIndex = 1; lastKnownFileType = text.xcconfig; name = "Pods-TDemoTests.debug.xcconfig"; path = "Pods/Target Support Files/Pods-TDemoTests/Pods-TDemoTests.debug.xcconfig"; sourceTree = "<group>"; };
		213DC4A2055EAD62445D2C19 /* Pods-TDemo.release.xcconfig */ = {isa = PBXFileReference; includeInIndex = 1; lastKnownFileType = text.xcconfig; name = "Pods-TDemo.release.xcconfig"; path = "Pods/Target Support Files/Pods-TDemo/Pods-TDemo.release.xcconfig"; sourceTree = "<group>"; };
		432FE3D62015DC040082E13D /* T.podspec */ = {isa = PBXFileReference; fileEncoding = 4; lastKnownFileType = text; name = T.podspec; path = ../T.podspec; sourceTree = "<group>"; };
		434C2C711FEBD5CB00B62481 /* TMenuItemCell.swift */ = {isa = PBXFileReference; lastKnownFileType = sourcecode.swift; path = TMenuItemCell.swift; sourceTree = "<group>"; };
		434C2C721FEBD5CB00B62481 /* TMenuItemCell.xib */ = {isa = PBXFileReference; lastKnownFileType = file.xib; path = TMenuItemCell.xib; sourceTree = "<group>"; };
		434C2C761FEBD68000B62481 /* TMenuItemRowModel.swift */ = {isa = PBXFileReference; lastKnownFileType = sourcecode.swift; path = TMenuItemRowModel.swift; sourceTree = "<group>"; };
		434C2C791FEBD6EA00B62481 /* TMenuItem.swift */ = {isa = PBXFileReference; lastKnownFileType = sourcecode.swift; path = TMenuItem.swift; sourceTree = "<group>"; };
		434C2C821FEC8FCA00B62481 /* TDemoTableViewController.swift */ = {isa = PBXFileReference; lastKnownFileType = sourcecode.swift; path = TDemoTableViewController.swift; sourceTree = "<group>"; };
		436947BA1FEC9A02003B147B /* TDemoCell.swift */ = {isa = PBXFileReference; lastKnownFileType = sourcecode.swift; path = TDemoCell.swift; sourceTree = "<group>"; };
		436947BB1FEC9A02003B147B /* TDemoCell.xib */ = {isa = PBXFileReference; lastKnownFileType = file.xib; path = TDemoCell.xib; sourceTree = "<group>"; };
		436947BE1FEC9BFC003B147B /* TDemoRowModel.swift */ = {isa = PBXFileReference; lastKnownFileType = sourcecode.swift; path = TDemoRowModel.swift; sourceTree = "<group>"; };
		436947C01FEC9D25003B147B /* TDemoItem.swift */ = {isa = PBXFileReference; lastKnownFileType = sourcecode.swift; path = TDemoItem.swift; sourceTree = "<group>"; };
		43972D0A1F3989670029B66B /* TDemo.app */ = {isa = PBXFileReference; explicitFileType = wrapper.application; includeInIndex = 0; path = TDemo.app; sourceTree = BUILT_PRODUCTS_DIR; };
		43972D0D1F3989670029B66B /* AppDelegate.swift */ = {isa = PBXFileReference; lastKnownFileType = sourcecode.swift; path = AppDelegate.swift; sourceTree = "<group>"; };
		43972D0F1F3989670029B66B /* ViewController.swift */ = {isa = PBXFileReference; lastKnownFileType = sourcecode.swift; path = ViewController.swift; sourceTree = "<group>"; };
		43972D121F3989670029B66B /* Base */ = {isa = PBXFileReference; lastKnownFileType = file.storyboard; name = Base; path = Base.lproj/Main.storyboard; sourceTree = "<group>"; };
		43972D141F3989670029B66B /* Assets.xcassets */ = {isa = PBXFileReference; lastKnownFileType = folder.assetcatalog; path = Assets.xcassets; sourceTree = "<group>"; };
		43972D171F3989670029B66B /* Base */ = {isa = PBXFileReference; lastKnownFileType = file.storyboard; name = Base; path = Base.lproj/LaunchScreen.storyboard; sourceTree = "<group>"; };
		43972D191F3989670029B66B /* Info.plist */ = {isa = PBXFileReference; lastKnownFileType = text.plist.xml; path = Info.plist; sourceTree = "<group>"; };
		43972D1E1F3989680029B66B /* TDemoTests.xctest */ = {isa = PBXFileReference; explicitFileType = wrapper.cfbundle; includeInIndex = 0; path = TDemoTests.xctest; sourceTree = BUILT_PRODUCTS_DIR; };
		43972D221F3989680029B66B /* TDemoTests.swift */ = {isa = PBXFileReference; lastKnownFileType = sourcecode.swift; path = TDemoTests.swift; sourceTree = "<group>"; };
		43972D241F3989680029B66B /* Info.plist */ = {isa = PBXFileReference; lastKnownFileType = text.plist.xml; path = Info.plist; sourceTree = "<group>"; };
		51376A86BDCE084635AF1BCD /* Pods-TDemoTests.release.xcconfig */ = {isa = PBXFileReference; includeInIndex = 1; lastKnownFileType = text.xcconfig; name = "Pods-TDemoTests.release.xcconfig"; path = "Pods/Target Support Files/Pods-TDemoTests/Pods-TDemoTests.release.xcconfig"; sourceTree = "<group>"; };
		932965434AADC9EA62A2678A /* Pods_TDemo.framework */ = {isa = PBXFileReference; explicitFileType = wrapper.framework; includeInIndex = 0; path = Pods_TDemo.framework; sourceTree = BUILT_PRODUCTS_DIR; };
		F71F7CC6A781AE25F65F917E /* Pods-TDemo.debug.xcconfig */ = {isa = PBXFileReference; includeInIndex = 1; lastKnownFileType = text.xcconfig; name = "Pods-TDemo.debug.xcconfig"; path = "Pods/Target Support Files/Pods-TDemo/Pods-TDemo.debug.xcconfig"; sourceTree = "<group>"; };
		FD21F502FC13E24FAD464179 /* Pods_TDemoTests.framework */ = {isa = PBXFileReference; explicitFileType = wrapper.framework; includeInIndex = 0; path = Pods_TDemoTests.framework; sourceTree = BUILT_PRODUCTS_DIR; };
/* End PBXFileReference section */

/* Begin PBXFrameworksBuildPhase section */
		43972D071F3989670029B66B /* Frameworks */ = {
			isa = PBXFrameworksBuildPhase;
			buildActionMask = 2147483647;
			files = (
				4C57639A3F4DFC6ACDEB36DD /* Pods_TDemo.framework in Frameworks */,
			);
			runOnlyForDeploymentPostprocessing = 0;
		};
		43972D1B1F3989680029B66B /* Frameworks */ = {
			isa = PBXFrameworksBuildPhase;
			buildActionMask = 2147483647;
			files = (
				97859F80736A7EBF89F4786C /* Pods_TDemoTests.framework in Frameworks */,
			);
			runOnlyForDeploymentPostprocessing = 0;
		};
/* End PBXFrameworksBuildPhase section */

/* Begin PBXGroup section */
		434C2C6D1FEBD58700B62481 /* XIBS */ = {
			isa = PBXGroup;
			children = (
				436947B91FEC99E2003B147B /* TDemoCell */,
				434C2C701FEBD5AE00B62481 /* TMenuItemCell */,
			);
			path = XIBS;
			sourceTree = "<group>";
		};
		434C2C701FEBD5AE00B62481 /* TMenuItemCell */ = {
			isa = PBXGroup;
			children = (
				434C2C711FEBD5CB00B62481 /* TMenuItemCell.swift */,
				434C2C721FEBD5CB00B62481 /* TMenuItemCell.xib */,
			);
			path = TMenuItemCell;
			sourceTree = "<group>";
		};
		434C2C751FEBD66A00B62481 /* RowModels */ = {
			isa = PBXGroup;
			children = (
				434C2C761FEBD68000B62481 /* TMenuItemRowModel.swift */,
				436947BE1FEC9BFC003B147B /* TDemoRowModel.swift */,
			);
			path = RowModels;
			sourceTree = "<group>";
		};
		434C2C781FEBD6DD00B62481 /* Structs */ = {
			isa = PBXGroup;
			children = (
				434C2C791FEBD6EA00B62481 /* TMenuItem.swift */,
				436947C01FEC9D25003B147B /* TDemoItem.swift */,
			);
			path = Structs;
			sourceTree = "<group>";
		};
		434C2C811FEC8FA400B62481 /* ViewControllers */ = {
			isa = PBXGroup;
			children = (
				43972D0F1F3989670029B66B /* ViewController.swift */,
				434C2C821FEC8FCA00B62481 /* TDemoTableViewController.swift */,
			);
			path = ViewControllers;
			sourceTree = "<group>";
		};
		436947B91FEC99E2003B147B /* TDemoCell */ = {
			isa = PBXGroup;
			children = (
				436947BA1FEC9A02003B147B /* TDemoCell.swift */,
				436947BB1FEC9A02003B147B /* TDemoCell.xib */,
			);
			path = TDemoCell;
			sourceTree = "<group>";
		};
		43972D011F3989670029B66B = {
			isa = PBXGroup;
			children = (
				432FE3D62015DC040082E13D /* T.podspec */,
				43972D0C1F3989670029B66B /* TDemo */,
				43972D211F3989680029B66B /* TDemoTests */,
				43972D0B1F3989670029B66B /* Products */,
				4CCE124A77611528A52CEA06 /* Pods */,
				79BD867473667DFA44F5C82F /* Frameworks */,
			);
			sourceTree = "<group>";
			wrapsLines = 0;
		};
		43972D0B1F3989670029B66B /* Products */ = {
			isa = PBXGroup;
			children = (
				43972D0A1F3989670029B66B /* TDemo.app */,
				43972D1E1F3989680029B66B /* TDemoTests.xctest */,
			);
			name = Products;
			sourceTree = "<group>";
		};
		43972D0C1F3989670029B66B /* TDemo */ = {
			isa = PBXGroup;
			children = (
				434C2C811FEC8FA400B62481 /* ViewControllers */,
				434C2C781FEBD6DD00B62481 /* Structs */,
				434C2C751FEBD66A00B62481 /* RowModels */,
				434C2C6D1FEBD58700B62481 /* XIBS */,
				43972D0D1F3989670029B66B /* AppDelegate.swift */,
				43972D111F3989670029B66B /* Main.storyboard */,
				43972D141F3989670029B66B /* Assets.xcassets */,
				43972D161F3989670029B66B /* LaunchScreen.storyboard */,
				43972D191F3989670029B66B /* Info.plist */,
			);
			path = TDemo;
			sourceTree = "<group>";
		};
		43972D211F3989680029B66B /* TDemoTests */ = {
			isa = PBXGroup;
			children = (
				43972D221F3989680029B66B /* TDemoTests.swift */,
				43972D241F3989680029B66B /* Info.plist */,
			);
			path = TDemoTests;
			sourceTree = "<group>";
		};
		4CCE124A77611528A52CEA06 /* Pods */ = {
			isa = PBXGroup;
			children = (
				F71F7CC6A781AE25F65F917E /* Pods-TDemo.debug.xcconfig */,
				213DC4A2055EAD62445D2C19 /* Pods-TDemo.release.xcconfig */,
				0B5F976CAB332D64BF75D15C /* Pods-TDemoTests.debug.xcconfig */,
				51376A86BDCE084635AF1BCD /* Pods-TDemoTests.release.xcconfig */,
			);
			name = Pods;
			sourceTree = "<group>";
		};
		79BD867473667DFA44F5C82F /* Frameworks */ = {
			isa = PBXGroup;
			children = (
				932965434AADC9EA62A2678A /* Pods_TDemo.framework */,
				FD21F502FC13E24FAD464179 /* Pods_TDemoTests.framework */,
			);
			name = Frameworks;
			sourceTree = "<group>";
		};
/* End PBXGroup section */

/* Begin PBXNativeTarget section */
		43972D091F3989670029B66B /* TDemo */ = {
			isa = PBXNativeTarget;
			buildConfigurationList = 43972D271F3989680029B66B /* Build configuration list for PBXNativeTarget "TDemo" */;
			buildPhases = (
				0CBCFCC52CEFA8C351E1A7F7 /* [CP] Check Pods Manifest.lock */,
				43972D061F3989670029B66B /* Sources */,
				43972D071F3989670029B66B /* Frameworks */,
				43972D081F3989670029B66B /* Resources */,
				0C9AE1DEAF7A6DA8439285CA /* [CP] Embed Pods Frameworks */,
				A0B1D818F70D36094B54676E /* [CP] Copy Pods Resources */,
			);
			buildRules = (
			);
			dependencies = (
			);
			name = TDemo;
			productName = TDemo;
			productReference = 43972D0A1F3989670029B66B /* TDemo.app */;
			productType = "com.apple.product-type.application";
		};
		43972D1D1F3989680029B66B /* TDemoTests */ = {
			isa = PBXNativeTarget;
			buildConfigurationList = 43972D2A1F3989680029B66B /* Build configuration list for PBXNativeTarget "TDemoTests" */;
			buildPhases = (
				A48C99601295C014B1B8EF1C /* [CP] Check Pods Manifest.lock */,
				43972D1A1F3989680029B66B /* Sources */,
				43972D1B1F3989680029B66B /* Frameworks */,
				43972D1C1F3989680029B66B /* Resources */,
				4B4AAA6047B1B5D6EBFBA0C9 /* [CP] Embed Pods Frameworks */,
				BF391C2256350FE268C07A5A /* [CP] Copy Pods Resources */,
			);
			buildRules = (
			);
			dependencies = (
				43972D201F3989680029B66B /* PBXTargetDependency */,
			);
			name = TDemoTests;
			productName = TDemoTests;
			productReference = 43972D1E1F3989680029B66B /* TDemoTests.xctest */;
			productType = "com.apple.product-type.bundle.unit-test";
		};
/* End PBXNativeTarget section */

/* Begin PBXProject section */
		43972D021F3989670029B66B /* Project object */ = {
			isa = PBXProject;
			attributes = {
				LastSwiftUpdateCheck = 0830;
				LastUpgradeCheck = 0920;
				ORGANIZATIONNAME = Virpik;
				TargetAttributes = {
					43972D091F3989670029B66B = {
						CreatedOnToolsVersion = 8.3.3;
						DevelopmentTeam = U4H4D3GM6A;
						LastSwiftMigration = 0920;
						ProvisioningStyle = Automatic;
					};
					43972D1D1F3989680029B66B = {
						CreatedOnToolsVersion = 8.3.3;
						LastSwiftMigration = 0920;
						ProvisioningStyle = Automatic;
						TestTargetID = 43972D091F3989670029B66B;
					};
				};
			};
			buildConfigurationList = 43972D051F3989670029B66B /* Build configuration list for PBXProject "TDemo" */;
			compatibilityVersion = "Xcode 3.2";
			developmentRegion = English;
			hasScannedForEncodings = 0;
			knownRegions = (
				en,
				Base,
			);
			mainGroup = 43972D011F3989670029B66B;
			productRefGroup = 43972D0B1F3989670029B66B /* Products */;
			projectDirPath = "";
			projectRoot = "";
			targets = (
				43972D091F3989670029B66B /* TDemo */,
				43972D1D1F3989680029B66B /* TDemoTests */,
			);
		};
/* End PBXProject section */

/* Begin PBXResourcesBuildPhase section */
		43972D081F3989670029B66B /* Resources */ = {
			isa = PBXResourcesBuildPhase;
			buildActionMask = 2147483647;
			files = (
				43972D181F3989670029B66B /* LaunchScreen.storyboard in Resources */,
				43972D151F3989670029B66B /* Assets.xcassets in Resources */,
				434C2C741FEBD5CB00B62481 /* TMenuItemCell.xib in Resources */,
				436947BD1FEC9A02003B147B /* TDemoCell.xib in Resources */,
				43972D131F3989670029B66B /* Main.storyboard in Resources */,
				432FE3D72015DC050082E13D /* T.podspec in Resources */,
			);
			runOnlyForDeploymentPostprocessing = 0;
		};
		43972D1C1F3989680029B66B /* Resources */ = {
			isa = PBXResourcesBuildPhase;
			buildActionMask = 2147483647;
			files = (
			);
			runOnlyForDeploymentPostprocessing = 0;
		};
/* End PBXResourcesBuildPhase section */

/* Begin PBXShellScriptBuildPhase section */
		0C9AE1DEAF7A6DA8439285CA /* [CP] Embed Pods Frameworks */ = {
			isa = PBXShellScriptBuildPhase;
			buildActionMask = 2147483647;
			files = (
			);
			inputPaths = (
				"${SRCROOT}/Pods/Target Support Files/Pods-TDemo/Pods-TDemo-frameworks.sh",
				"${BUILT_PRODUCTS_DIR}/T/T.framework",
			);
			name = "[CP] Embed Pods Frameworks";
			outputPaths = (
				"${TARGET_BUILD_DIR}/${FRAMEWORKS_FOLDER_PATH}/T.framework",
			);
			runOnlyForDeploymentPostprocessing = 0;
			shellPath = /bin/sh;
			shellScript = "\"${SRCROOT}/Pods/Target Support Files/Pods-TDemo/Pods-TDemo-frameworks.sh\"\n";
			showEnvVarsInLog = 0;
		};
		0CBCFCC52CEFA8C351E1A7F7 /* [CP] Check Pods Manifest.lock */ = {
			isa = PBXShellScriptBuildPhase;
			buildActionMask = 2147483647;
			files = (
			);
			inputPaths = (
				"${PODS_PODFILE_DIR_PATH}/Podfile.lock",
				"${PODS_ROOT}/Manifest.lock",
			);
			name = "[CP] Check Pods Manifest.lock";
			outputPaths = (
				"$(DERIVED_FILE_DIR)/Pods-TDemo-checkManifestLockResult.txt",
			);
			runOnlyForDeploymentPostprocessing = 0;
			shellPath = /bin/sh;
			shellScript = "diff \"${PODS_PODFILE_DIR_PATH}/Podfile.lock\" \"${PODS_ROOT}/Manifest.lock\" > /dev/null\nif [ $? != 0 ] ; then\n    # print error to STDERR\n    echo \"error: The sandbox is not in sync with the Podfile.lock. Run 'pod install' or update your CocoaPods installation.\" >&2\n    exit 1\nfi\n# This output is used by Xcode 'outputs' to avoid re-running this script phase.\necho \"SUCCESS\" > \"${SCRIPT_OUTPUT_FILE_0}\"\n";
			showEnvVarsInLog = 0;
		};
		4B4AAA6047B1B5D6EBFBA0C9 /* [CP] Embed Pods Frameworks */ = {
			isa = PBXShellScriptBuildPhase;
			buildActionMask = 2147483647;
			files = (
			);
			inputPaths = (
			);
			name = "[CP] Embed Pods Frameworks";
			outputPaths = (
			);
			runOnlyForDeploymentPostprocessing = 0;
			shellPath = /bin/sh;
			shellScript = "\"${SRCROOT}/Pods/Target Support Files/Pods-TDemoTests/Pods-TDemoTests-frameworks.sh\"\n";
			showEnvVarsInLog = 0;
		};
		A0B1D818F70D36094B54676E /* [CP] Copy Pods Resources */ = {
			isa = PBXShellScriptBuildPhase;
			buildActionMask = 2147483647;
			files = (
			);
			inputPaths = (
			);
			name = "[CP] Copy Pods Resources";
			outputPaths = (
			);
			runOnlyForDeploymentPostprocessing = 0;
			shellPath = /bin/sh;
			shellScript = "\"${SRCROOT}/Pods/Target Support Files/Pods-TDemo/Pods-TDemo-resources.sh\"\n";
			showEnvVarsInLog = 0;
		};
		A48C99601295C014B1B8EF1C /* [CP] Check Pods Manifest.lock */ = {
			isa = PBXShellScriptBuildPhase;
			buildActionMask = 2147483647;
			files = (
			);
			inputPaths = (
				"${PODS_PODFILE_DIR_PATH}/Podfile.lock",
				"${PODS_ROOT}/Manifest.lock",
			);
			name = "[CP] Check Pods Manifest.lock";
			outputPaths = (
				"$(DERIVED_FILE_DIR)/Pods-TDemoTests-checkManifestLockResult.txt",
			);
			runOnlyForDeploymentPostprocessing = 0;
			shellPath = /bin/sh;
			shellScript = "diff \"${PODS_PODFILE_DIR_PATH}/Podfile.lock\" \"${PODS_ROOT}/Manifest.lock\" > /dev/null\nif [ $? != 0 ] ; then\n    # print error to STDERR\n    echo \"error: The sandbox is not in sync with the Podfile.lock. Run 'pod install' or update your CocoaPods installation.\" >&2\n    exit 1\nfi\n# This output is used by Xcode 'outputs' to avoid re-running this script phase.\necho \"SUCCESS\" > \"${SCRIPT_OUTPUT_FILE_0}\"\n";
			showEnvVarsInLog = 0;
		};
		BF391C2256350FE268C07A5A /* [CP] Copy Pods Resources */ = {
			isa = PBXShellScriptBuildPhase;
			buildActionMask = 2147483647;
			files = (
			);
			inputPaths = (
			);
			name = "[CP] Copy Pods Resources";
			outputPaths = (
			);
			runOnlyForDeploymentPostprocessing = 0;
			shellPath = /bin/sh;
			shellScript = "\"${SRCROOT}/Pods/Target Support Files/Pods-TDemoTests/Pods-TDemoTests-resources.sh\"\n";
			showEnvVarsInLog = 0;
		};
/* End PBXShellScriptBuildPhase section */

/* Begin PBXSourcesBuildPhase section */
		43972D061F3989670029B66B /* Sources */ = {
			isa = PBXSourcesBuildPhase;
			buildActionMask = 2147483647;
			files = (
				434C2C7A1FEBD6EA00B62481 /* TMenuItem.swift in Sources */,
				43972D101F3989670029B66B /* ViewController.swift in Sources */,
				43972D0E1F3989670029B66B /* AppDelegate.swift in Sources */,
				436947BC1FEC9A02003B147B /* TDemoCell.swift in Sources */,
				436947BF1FEC9BFC003B147B /* TDemoRowModel.swift in Sources */,
				434C2C731FEBD5CB00B62481 /* TMenuItemCell.swift in Sources */,
				436947C11FEC9D25003B147B /* TDemoItem.swift in Sources */,
				434C2C831FEC8FCA00B62481 /* TDemoTableViewController.swift in Sources */,
				434C2C771FEBD68000B62481 /* TMenuItemRowModel.swift in Sources */,
			);
			runOnlyForDeploymentPostprocessing = 0;
		};
		43972D1A1F3989680029B66B /* Sources */ = {
			isa = PBXSourcesBuildPhase;
			buildActionMask = 2147483647;
			files = (
				43972D231F3989680029B66B /* TDemoTests.swift in Sources */,
			);
			runOnlyForDeploymentPostprocessing = 0;
		};
/* End PBXSourcesBuildPhase section */

/* Begin PBXTargetDependency section */
		43972D201F3989680029B66B /* PBXTargetDependency */ = {
			isa = PBXTargetDependency;
			target = 43972D091F3989670029B66B /* TDemo */;
			targetProxy = 43972D1F1F3989680029B66B /* PBXContainerItemProxy */;
		};
/* End PBXTargetDependency section */

/* Begin PBXVariantGroup section */
		43972D111F3989670029B66B /* Main.storyboard */ = {
			isa = PBXVariantGroup;
			children = (
				43972D121F3989670029B66B /* Base */,
			);
			name = Main.storyboard;
			sourceTree = "<group>";
		};
		43972D161F3989670029B66B /* LaunchScreen.storyboard */ = {
			isa = PBXVariantGroup;
			children = (
				43972D171F3989670029B66B /* Base */,
			);
			name = LaunchScreen.storyboard;
			sourceTree = "<group>";
		};
/* End PBXVariantGroup section */

/* Begin XCBuildConfiguration section */
		43972D251F3989680029B66B /* Debug */ = {
			isa = XCBuildConfiguration;
			buildSettings = {
				ALWAYS_SEARCH_USER_PATHS = NO;
				CLANG_ANALYZER_NONNULL = YES;
				CLANG_ANALYZER_NUMBER_OBJECT_CONVERSION = YES_AGGRESSIVE;
				CLANG_CXX_LANGUAGE_STANDARD = "gnu++0x";
				CLANG_CXX_LIBRARY = "libc++";
				CLANG_ENABLE_MODULES = YES;
				CLANG_ENABLE_OBJC_ARC = YES;
				CLANG_WARN_BLOCK_CAPTURE_AUTORELEASING = YES;
				CLANG_WARN_BOOL_CONVERSION = YES;
				CLANG_WARN_COMMA = YES;
				CLANG_WARN_CONSTANT_CONVERSION = YES;
				CLANG_WARN_DIRECT_OBJC_ISA_USAGE = YES_ERROR;
				CLANG_WARN_DOCUMENTATION_COMMENTS = YES;
				CLANG_WARN_EMPTY_BODY = YES;
				CLANG_WARN_ENUM_CONVERSION = YES;
				CLANG_WARN_INFINITE_RECURSION = YES;
				CLANG_WARN_INT_CONVERSION = YES;
				CLANG_WARN_NON_LITERAL_NULL_CONVERSION = YES;
				CLANG_WARN_OBJC_LITERAL_CONVERSION = YES;
				CLANG_WARN_OBJC_ROOT_CLASS = YES_ERROR;
				CLANG_WARN_RANGE_LOOP_ANALYSIS = YES;
				CLANG_WARN_STRICT_PROTOTYPES = YES;
				CLANG_WARN_SUSPICIOUS_MOVE = YES;
				CLANG_WARN_UNREACHABLE_CODE = YES;
				CLANG_WARN__DUPLICATE_METHOD_MATCH = YES;
				"CODE_SIGN_IDENTITY[sdk=iphoneos*]" = "iPhone Developer";
				COPY_PHASE_STRIP = NO;
				DEBUG_INFORMATION_FORMAT = dwarf;
				ENABLE_STRICT_OBJC_MSGSEND = YES;
				ENABLE_TESTABILITY = YES;
				GCC_C_LANGUAGE_STANDARD = gnu99;
				GCC_DYNAMIC_NO_PIC = NO;
				GCC_NO_COMMON_BLOCKS = YES;
				GCC_OPTIMIZATION_LEVEL = 0;
				GCC_PREPROCESSOR_DEFINITIONS = (
					"DEBUG=1",
					"$(inherited)",
				);
				GCC_WARN_64_TO_32_BIT_CONVERSION = YES;
				GCC_WARN_ABOUT_RETURN_TYPE = YES_ERROR;
				GCC_WARN_UNDECLARED_SELECTOR = YES;
				GCC_WARN_UNINITIALIZED_AUTOS = YES_AGGRESSIVE;
				GCC_WARN_UNUSED_FUNCTION = YES;
				GCC_WARN_UNUSED_VARIABLE = YES;
				IPHONEOS_DEPLOYMENT_TARGET = 10.3;
				MTL_ENABLE_DEBUG_INFO = YES;
				ONLY_ACTIVE_ARCH = YES;
				SDKROOT = iphoneos;
				SWIFT_ACTIVE_COMPILATION_CONDITIONS = DEBUG;
				SWIFT_OPTIMIZATION_LEVEL = "-Onone";
				TARGETED_DEVICE_FAMILY = "1,2";
			};
			name = Debug;
		};
		43972D261F3989680029B66B /* Release */ = {
			isa = XCBuildConfiguration;
			buildSettings = {
				ALWAYS_SEARCH_USER_PATHS = NO;
				CLANG_ANALYZER_NONNULL = YES;
				CLANG_ANALYZER_NUMBER_OBJECT_CONVERSION = YES_AGGRESSIVE;
				CLANG_CXX_LANGUAGE_STANDARD = "gnu++0x";
				CLANG_CXX_LIBRARY = "libc++";
				CLANG_ENABLE_MODULES = YES;
				CLANG_ENABLE_OBJC_ARC = YES;
				CLANG_WARN_BLOCK_CAPTURE_AUTORELEASING = YES;
				CLANG_WARN_BOOL_CONVERSION = YES;
				CLANG_WARN_COMMA = YES;
				CLANG_WARN_CONSTANT_CONVERSION = YES;
				CLANG_WARN_DIRECT_OBJC_ISA_USAGE = YES_ERROR;
				CLANG_WARN_DOCUMENTATION_COMMENTS = YES;
				CLANG_WARN_EMPTY_BODY = YES;
				CLANG_WARN_ENUM_CONVERSION = YES;
				CLANG_WARN_INFINITE_RECURSION = YES;
				CLANG_WARN_INT_CONVERSION = YES;
				CLANG_WARN_NON_LITERAL_NULL_CONVERSION = YES;
				CLANG_WARN_OBJC_LITERAL_CONVERSION = YES;
				CLANG_WARN_OBJC_ROOT_CLASS = YES_ERROR;
				CLANG_WARN_RANGE_LOOP_ANALYSIS = YES;
				CLANG_WARN_STRICT_PROTOTYPES = YES;
				CLANG_WARN_SUSPICIOUS_MOVE = YES;
				CLANG_WARN_UNREACHABLE_CODE = YES;
				CLANG_WARN__DUPLICATE_METHOD_MATCH = YES;
				"CODE_SIGN_IDENTITY[sdk=iphoneos*]" = "iPhone Developer";
				COPY_PHASE_STRIP = NO;
				DEBUG_INFORMATION_FORMAT = "dwarf-with-dsym";
				ENABLE_NS_ASSERTIONS = NO;
				ENABLE_STRICT_OBJC_MSGSEND = YES;
				GCC_C_LANGUAGE_STANDARD = gnu99;
				GCC_NO_COMMON_BLOCKS = YES;
				GCC_WARN_64_TO_32_BIT_CONVERSION = YES;
				GCC_WARN_ABOUT_RETURN_TYPE = YES_ERROR;
				GCC_WARN_UNDECLARED_SELECTOR = YES;
				GCC_WARN_UNINITIALIZED_AUTOS = YES_AGGRESSIVE;
				GCC_WARN_UNUSED_FUNCTION = YES;
				GCC_WARN_UNUSED_VARIABLE = YES;
				IPHONEOS_DEPLOYMENT_TARGET = 10.3;
				MTL_ENABLE_DEBUG_INFO = NO;
				SDKROOT = iphoneos;
				SWIFT_OPTIMIZATION_LEVEL = "-Owholemodule";
				TARGETED_DEVICE_FAMILY = "1,2";
				VALIDATE_PRODUCT = YES;
			};
			name = Release;
		};
		43972D281F3989680029B66B /* Debug */ = {
			isa = XCBuildConfiguration;
			baseConfigurationReference = F71F7CC6A781AE25F65F917E /* Pods-TDemo.debug.xcconfig */;
			buildSettings = {
				ASSETCATALOG_COMPILER_APPICON_NAME = AppIcon;
				"CODE_SIGN_IDENTITY[sdk=iphoneos*]" = "iPhone Developer";
				CODE_SIGN_STYLE = Automatic;
				DEVELOPMENT_TEAM = U4H4D3GM6A;
				INFOPLIST_FILE = TDemo/Info.plist;
				LD_RUNPATH_SEARCH_PATHS = "$(inherited) @executable_path/Frameworks";
				PRODUCT_BUNDLE_IDENTIFIER = ru.Tt.demo;
				PRODUCT_NAME = "$(TARGET_NAME)";
				PROVISIONING_PROFILE = "";
				PROVISIONING_PROFILE_SPECIFIER = "";
				SWIFT_SWIFT3_OBJC_INFERENCE = On;
				SWIFT_VERSION = 4.0;
			};
			name = Debug;
		};
		43972D291F3989680029B66B /* Release */ = {
			isa = XCBuildConfiguration;
			baseConfigurationReference = 213DC4A2055EAD62445D2C19 /* Pods-TDemo.release.xcconfig */;
			buildSettings = {
				ASSETCATALOG_COMPILER_APPICON_NAME = AppIcon;
				"CODE_SIGN_IDENTITY[sdk=iphoneos*]" = "iPhone Developer";
				CODE_SIGN_STYLE = Automatic;
				DEVELOPMENT_TEAM = U4H4D3GM6A;
				INFOPLIST_FILE = TDemo/Info.plist;
				LD_RUNPATH_SEARCH_PATHS = "$(inherited) @executable_path/Frameworks";
				PRODUCT_BUNDLE_IDENTIFIER = ru.Tt.demo;
				PRODUCT_NAME = "$(TARGET_NAME)";
				PROVISIONING_PROFILE_SPECIFIER = "";
				SWIFT_SWIFT3_OBJC_INFERENCE = On;
				SWIFT_VERSION = 4.0;
			};
			name = Release;
		};
		43972D2B1F3989680029B66B /* Debug */ = {
			isa = XCBuildConfiguration;
			baseConfigurationReference = 0B5F976CAB332D64BF75D15C /* Pods-TDemoTests.debug.xcconfig */;
			buildSettings = {
				ALWAYS_EMBED_SWIFT_STANDARD_LIBRARIES = YES;
				BUNDLE_LOADER = "$(TEST_HOST)";
				INFOPLIST_FILE = TDemoTests/Info.plist;
				LD_RUNPATH_SEARCH_PATHS = "$(inherited) @executable_path/Frameworks @loader_path/Frameworks";
				PRODUCT_BUNDLE_IDENTIFIER = ru.Tt.TDemoTests;
				PRODUCT_NAME = "$(TARGET_NAME)";
				SWIFT_SWIFT3_OBJC_INFERENCE = On;
				SWIFT_VERSION = 4.0;
				TEST_HOST = "$(BUILT_PRODUCTS_DIR)/TDemo.app/TDemo";
			};
			name = Debug;
		};
		43972D2C1F3989680029B66B /* Release */ = {
			isa = XCBuildConfiguration;
			baseConfigurationReference = 51376A86BDCE084635AF1BCD /* Pods-TDemoTests.release.xcconfig */;
			buildSettings = {
				ALWAYS_EMBED_SWIFT_STANDARD_LIBRARIES = YES;
				BUNDLE_LOADER = "$(TEST_HOST)";
				INFOPLIST_FILE = TDemoTests/Info.plist;
				LD_RUNPATH_SEARCH_PATHS = "$(inherited) @executable_path/Frameworks @loader_path/Frameworks";
				PRODUCT_BUNDLE_IDENTIFIER = ru.Tt.TDemoTests;
				PRODUCT_NAME = "$(TARGET_NAME)";
				SWIFT_SWIFT3_OBJC_INFERENCE = On;
				SWIFT_VERSION = 4.0;
				TEST_HOST = "$(BUILT_PRODUCTS_DIR)/TDemo.app/TDemo";
			};
			name = Release;
		};
/* End XCBuildConfiguration section */

/* Begin XCConfigurationList section */
		43972D051F3989670029B66B /* Build configuration list for PBXProject "TDemo" */ = {
			isa = XCConfigurationList;
			buildConfigurations = (
				43972D251F3989680029B66B /* Debug */,
				43972D261F3989680029B66B /* Release */,
			);
			defaultConfigurationIsVisible = 0;
			defaultConfigurationName = Release;
		};
		43972D271F3989680029B66B /* Build configuration list for PBXNativeTarget "TDemo" */ = {
			isa = XCConfigurationList;
			buildConfigurations = (
				43972D281F3989680029B66B /* Debug */,
				43972D291F3989680029B66B /* Release */,
			);
			defaultConfigurationIsVisible = 0;
			defaultConfigurationName = Release;
		};
		43972D2A1F3989680029B66B /* Build configuration list for PBXNativeTarget "TDemoTests" */ = {
			isa = XCConfigurationList;
			buildConfigurations = (
				43972D2B1F3989680029B66B /* Debug */,
				43972D2C1F3989680029B66B /* Release */,
			);
			defaultConfigurationIsVisible = 0;
			defaultConfigurationName = Release;
		};
/* End XCConfigurationList section */
	};
	rootObject = 43972D021F3989670029B66B /* Project object */;
}
