// !$*UTF8*$!
{
	archiveVersion = 1;
	classes = {
	};
	objectVersion = 46;
	objects = {

/* Begin PBXBuildFile section */
		4353A7ED2179C87C006BE9B2 /* T.podspec in Resources */ = {isa = PBXBuildFile; fileRef = 4353A7EC2179C87C006BE9B2 /* T.podspec */; };
		43972D0E1F3989670029B66B /* AppDelegate.swift in Sources */ = {isa = PBXBuildFile; fileRef = 43972D0D1F3989670029B66B /* AppDelegate.swift */; };
		43972D101F3989670029B66B /* ViewController.swift in Sources */ = {isa = PBXBuildFile; fileRef = 43972D0F1F3989670029B66B /* ViewController.swift */; };
		43972D131F3989670029B66B /* Main.storyboard in Resources */ = {isa = PBXBuildFile; fileRef = 43972D111F3989670029B66B /* Main.storyboard */; };
		43972D151F3989670029B66B /* Assets.xcassets in Resources */ = {isa = PBXBuildFile; fileRef = 43972D141F3989670029B66B /* Assets.xcassets */; };
		43972D181F3989670029B66B /* LaunchScreen.storyboard in Resources */ = {isa = PBXBuildFile; fileRef = 43972D161F3989670029B66B /* LaunchScreen.storyboard */; };
		43972D231F3989680029B66B /* TDemoTests.swift in Sources */ = {isa = PBXBuildFile; fileRef = 43972D221F3989680029B66B /* TDemoTests.swift */; };
		9B87A446D876B319AEA5204B /* Pods_Demo.framework in Frameworks */ = {isa = PBXBuildFile; fileRef = 047713F1733B2236AC1497F1 /* Pods_Demo.framework */; };
/* End PBXBuildFile section */

/* Begin PBXContainerItemProxy section */
		43972D1F1F3989680029B66B /* PBXContainerItemProxy */ = {
			isa = PBXContainerItemProxy;
			containerPortal = 43972D021F3989670029B66B /* Project object */;
			proxyType = 1;
			remoteGlobalIDString = 43972D091F3989670029B66B;
			remoteInfo = TDemo;
		};
/* End PBXContainerItemProxy section */

/* Begin PBXFileReference section */
		047713F1733B2236AC1497F1 /* Pods_Demo.framework */ = {isa = PBXFileReference; explicitFileType = wrapper.framework; includeInIndex = 0; path = Pods_Demo.framework; sourceTree = BUILT_PRODUCTS_DIR; };
		4353A7EC2179C87C006BE9B2 /* T.podspec */ = {isa = PBXFileReference; fileEncoding = 4; lastKnownFileType = text; name = T.podspec; path = ../T.podspec; sourceTree = "<group>"; };
		43972D0A1F3989670029B66B /* Demo.app */ = {isa = PBXFileReference; explicitFileType = wrapper.application; includeInIndex = 0; path = Demo.app; sourceTree = BUILT_PRODUCTS_DIR; };
		43972D0D1F3989670029B66B /* AppDelegate.swift */ = {isa = PBXFileReference; lastKnownFileType = sourcecode.swift; path = AppDelegate.swift; sourceTree = "<group>"; };
		43972D0F1F3989670029B66B /* ViewController.swift */ = {isa = PBXFileReference; lastKnownFileType = sourcecode.swift; path = ViewController.swift; sourceTree = "<group>"; };
		43972D121F3989670029B66B /* Base */ = {isa = PBXFileReference; lastKnownFileType = file.storyboard; name = Base; path = Base.lproj/Main.storyboard; sourceTree = "<group>"; };
		43972D141F3989670029B66B /* Assets.xcassets */ = {isa = PBXFileReference; lastKnownFileType = folder.assetcatalog; path = Assets.xcassets; sourceTree = "<group>"; };
		43972D171F3989670029B66B /* Base */ = {isa = PBXFileReference; lastKnownFileType = file.storyboard; name = Base; path = Base.lproj/LaunchScreen.storyboard; sourceTree = "<group>"; };
		43972D191F3989670029B66B /* Info.plist */ = {isa = PBXFileReference; lastKnownFileType = text.plist.xml; path = Info.plist; sourceTree = "<group>"; };
		43972D1E1F3989680029B66B /* DemoTests.xctest */ = {isa = PBXFileReference; explicitFileType = wrapper.cfbundle; includeInIndex = 0; path = DemoTests.xctest; sourceTree = BUILT_PRODUCTS_DIR; };
		43972D221F3989680029B66B /* TDemoTests.swift */ = {isa = PBXFileReference; lastKnownFileType = sourcecode.swift; path = TDemoTests.swift; sourceTree = "<group>"; };
		43972D241F3989680029B66B /* Info.plist */ = {isa = PBXFileReference; lastKnownFileType = text.plist.xml; path = Info.plist; sourceTree = "<group>"; };
		6791BDCA46A4BDAC9BE82602 /* Pods-Demo.release.xcconfig */ = {isa = PBXFileReference; includeInIndex = 1; lastKnownFileType = text.xcconfig; name = "Pods-Demo.release.xcconfig"; path = "Pods/Target Support Files/Pods-Demo/Pods-Demo.release.xcconfig"; sourceTree = "<group>"; };
		9FEC0DCA86F1A75427DA8F52 /* Pods-Demo.debug.xcconfig */ = {isa = PBXFileReference; includeInIndex = 1; lastKnownFileType = text.xcconfig; name = "Pods-Demo.debug.xcconfig"; path = "Pods/Target Support Files/Pods-Demo/Pods-Demo.debug.xcconfig"; sourceTree = "<group>"; };
/* End PBXFileReference section */

/* Begin PBXFrameworksBuildPhase section */
		43972D071F3989670029B66B /* Frameworks */ = {
			isa = PBXFrameworksBuildPhase;
			buildActionMask = 2147483647;
			files = (
				9B87A446D876B319AEA5204B /* Pods_Demo.framework in Frameworks */,
			);
			runOnlyForDeploymentPostprocessing = 0;
		};
		43972D1B1F3989680029B66B /* Frameworks */ = {
			isa = PBXFrameworksBuildPhase;
			buildActionMask = 2147483647;
			files = (
			);
			runOnlyForDeploymentPostprocessing = 0;
		};
/* End PBXFrameworksBuildPhase section */

/* Begin PBXGroup section */
		434C2C811FEC8FA400B62481 /* ViewControllers */ = {
			isa = PBXGroup;
			children = (
				43972D0F1F3989670029B66B /* ViewController.swift */,
			);
			path = ViewControllers;
			sourceTree = "<group>";
		};
		43972D011F3989670029B66B = {
			isa = PBXGroup;
			children = (
				4353A7EC2179C87C006BE9B2 /* T.podspec */,
				43972D0C1F3989670029B66B /* Demo */,
				43972D211F3989680029B66B /* DemoTests */,
				43972D0B1F3989670029B66B /* Products */,
				4CCE124A77611528A52CEA06 /* Pods */,
				79BD867473667DFA44F5C82F /* Frameworks */,
			);
			sourceTree = "<group>";
			wrapsLines = 0;
		};
		43972D0B1F3989670029B66B /* Products */ = {
			isa = PBXGroup;
			children = (
				43972D0A1F3989670029B66B /* Demo.app */,
				43972D1E1F3989680029B66B /* DemoTests.xctest */,
			);
			name = Products;
			sourceTree = "<group>";
		};
		43972D0C1F3989670029B66B /* Demo */ = {
			isa = PBXGroup;
			children = (
				434C2C811FEC8FA400B62481 /* ViewControllers */,
				43972D0D1F3989670029B66B /* AppDelegate.swift */,
				43972D111F3989670029B66B /* Main.storyboard */,
				43972D141F3989670029B66B /* Assets.xcassets */,
				43972D161F3989670029B66B /* LaunchScreen.storyboard */,
				43972D191F3989670029B66B /* Info.plist */,
			);
			path = Demo;
			sourceTree = "<group>";
		};
		43972D211F3989680029B66B /* DemoTests */ = {
			isa = PBXGroup;
			children = (
				43972D221F3989680029B66B /* TDemoTests.swift */,
				43972D241F3989680029B66B /* Info.plist */,
			);
			path = DemoTests;
			sourceTree = "<group>";
		};
		4CCE124A77611528A52CEA06 /* Pods */ = {
			isa = PBXGroup;
			children = (
				9FEC0DCA86F1A75427DA8F52 /* Pods-Demo.debug.xcconfig */,
				6791BDCA46A4BDAC9BE82602 /* Pods-Demo.release.xcconfig */,
			);
			name = Pods;
			sourceTree = "<group>";
		};
		79BD867473667DFA44F5C82F /* Frameworks */ = {
			isa = PBXGroup;
			children = (
				047713F1733B2236AC1497F1 /* Pods_Demo.framework */,
			);
			name = Frameworks;
			sourceTree = "<group>";
		};
/* End PBXGroup section */

/* Begin PBXNativeTarget section */
		43972D091F3989670029B66B /* Demo */ = {
			isa = PBXNativeTarget;
			buildConfigurationList = 43972D271F3989680029B66B /* Build configuration list for PBXNativeTarget "Demo" */;
			buildPhases = (
				08D8B7D4F5DE18C64B131110 /* [CP] Check Pods Manifest.lock */,
				43972D061F3989670029B66B /* Sources */,
				43972D071F3989670029B66B /* Frameworks */,
				43972D081F3989670029B66B /* Resources */,
				291873B3D82D7C37E8477A9A /* [CP] Embed Pods Frameworks */,
			);
			buildRules = (
			);
			dependencies = (
			);
			name = Demo;
			productName = TDemo;
			productReference = 43972D0A1F3989670029B66B /* Demo.app */;
			productType = "com.apple.product-type.application";
		};
		43972D1D1F3989680029B66B /* DemoTests */ = {
			isa = PBXNativeTarget;
			buildConfigurationList = 43972D2A1F3989680029B66B /* Build configuration list for PBXNativeTarget "DemoTests" */;
			buildPhases = (
				43972D1A1F3989680029B66B /* Sources */,
				43972D1B1F3989680029B66B /* Frameworks */,
				43972D1C1F3989680029B66B /* Resources */,
			);
			buildRules = (
			);
			dependencies = (
				43972D201F3989680029B66B /* PBXTargetDependency */,
			);
			name = DemoTests;
			productName = TDemoTests;
			productReference = 43972D1E1F3989680029B66B /* DemoTests.xctest */;
			productType = "com.apple.product-type.bundle.unit-test";
		};
/* End PBXNativeTarget section */

/* Begin PBXProject section */
		43972D021F3989670029B66B /* Project object */ = {
			isa = PBXProject;
			attributes = {
				LastSwiftUpdateCheck = 0830;
				LastUpgradeCheck = 0920;
				ORGANIZATIONNAME = Virpik;
				TargetAttributes = {
					43972D091F3989670029B66B = {
						CreatedOnToolsVersion = 8.3.3;
						DevelopmentTeam = U4H4D3GM6A;
						LastSwiftMigration = 0920;
						ProvisioningStyle = Automatic;
					};
					43972D1D1F3989680029B66B = {
						CreatedOnToolsVersion = 8.3.3;
						LastSwiftMigration = 0920;
						ProvisioningStyle = Automatic;
						TestTargetID = 43972D091F3989670029B66B;
					};
				};
			};
			buildConfigurationList = 43972D051F3989670029B66B /* Build configuration list for PBXProject "Demo" */;
			compatibilityVersion = "Xcode 3.2";
			developmentRegion = English;
			hasScannedForEncodings = 0;
			knownRegions = (
				en,
				Base,
			);
			mainGroup = 43972D011F3989670029B66B;
			productRefGroup = 43972D0B1F3989670029B66B /* Products */;
			projectDirPath = "";
			projectRoot = "";
			targets = (
				43972D091F3989670029B66B /* Demo */,
				43972D1D1F3989680029B66B /* DemoTests */,
			);
		};
/* End PBXProject section */

/* Begin PBXResourcesBuildPhase section */
		43972D081F3989670029B66B /* Resources */ = {
			isa = PBXResourcesBuildPhase;
			buildActionMask = 2147483647;
			files = (
				4353A7ED2179C87C006BE9B2 /* T.podspec in Resources */,
				43972D181F3989670029B66B /* LaunchScreen.storyboard in Resources */,
				43972D151F3989670029B66B /* Assets.xcassets in Resources */,
				43972D131F3989670029B66B /* Main.storyboard in Resources */,
			);
			runOnlyForDeploymentPostprocessing = 0;
		};
		43972D1C1F3989680029B66B /* Resources */ = {
			isa = PBXResourcesBuildPhase;
			buildActionMask = 2147483647;
			files = (
			);
			runOnlyForDeploymentPostprocessing = 0;
		};
/* End PBXResourcesBuildPhase section */

/* Begin PBXShellScriptBuildPhase section */
		08D8B7D4F5DE18C64B131110 /* [CP] Check Pods Manifest.lock */ = {
			isa = PBXShellScriptBuildPhase;
			buildActionMask = 2147483647;
			files = (
			);
			inputPaths = (
				"${PODS_PODFILE_DIR_PATH}/Podfile.lock",
				"${PODS_ROOT}/Manifest.lock",
			);
			name = "[CP] Check Pods Manifest.lock";
			outputPaths = (
				"$(DERIVED_FILE_DIR)/Pods-Demo-checkManifestLockResult.txt",
			);
			runOnlyForDeploymentPostprocessing = 0;
			shellPath = /bin/sh;
			shellScript = "diff \"${PODS_PODFILE_DIR_PATH}/Podfile.lock\" \"${PODS_ROOT}/Manifest.lock\" > /dev/null\nif [ $? != 0 ] ; then\n    # print error to STDERR\n    echo \"error: The sandbox is not in sync with the Podfile.lock. Run 'pod install' or update your CocoaPods installation.\" >&2\n    exit 1\nfi\n# This output is used by Xcode 'outputs' to avoid re-running this script phase.\necho \"SUCCESS\" > \"${SCRIPT_OUTPUT_FILE_0}\"\n";
			showEnvVarsInLog = 0;
		};
		291873B3D82D7C37E8477A9A /* [CP] Embed Pods Frameworks */ = {
			isa = PBXShellScriptBuildPhase;
			buildActionMask = 2147483647;
			files = (
			);
			inputPaths = (
				"${SRCROOT}/Pods/Target Support Files/Pods-Demo/Pods-Demo-frameworks.sh",
				"${BUILT_PRODUCTS_DIR}/T/T.framework",
			);
			name = "[CP] Embed Pods Frameworks";
			outputPaths = (
				"${TARGET_BUILD_DIR}/${FRAMEWORKS_FOLDER_PATH}/T.framework",
			);
			runOnlyForDeploymentPostprocessing = 0;
			shellPath = /bin/sh;
			shellScript = "\"${SRCROOT}/Pods/Target Support Files/Pods-Demo/Pods-Demo-frameworks.sh\"\n";
			showEnvVarsInLog = 0;
		};
/* End PBXShellScriptBuildPhase section */

/* Begin PBXSourcesBuildPhase section */
		43972D061F3989670029B66B /* Sources */ = {
			isa = PBXSourcesBuildPhase;
			buildActionMask = 2147483647;
			files = (
				43972D101F3989670029B66B /* ViewController.swift in Sources */,
				43972D0E1F3989670029B66B /* AppDelegate.swift in Sources */,
			);
			runOnlyForDeploymentPostprocessing = 0;
		};
		43972D1A1F3989680029B66B /* Sources */ = {
			isa = PBXSourcesBuildPhase;
			buildActionMask = 2147483647;
			files = (
				43972D231F3989680029B66B /* TDemoTests.swift in Sources */,
			);
			runOnlyForDeploymentPostprocessing = 0;
		};
/* End PBXSourcesBuildPhase section */

/* Begin PBXTargetDependency section */
		43972D201F3989680029B66B /* PBXTargetDependency */ = {
			isa = PBXTargetDependency;
			target = 43972D091F3989670029B66B /* Demo */;
			targetProxy = 43972D1F1F3989680029B66B /* PBXContainerItemProxy */;
		};
/* End PBXTargetDependency section */

/* Begin PBXVariantGroup section */
		43972D111F3989670029B66B /* Main.storyboard */ = {
			isa = PBXVariantGroup;
			children = (
				43972D121F3989670029B66B /* Base */,
			);
			name = Main.storyboard;
			sourceTree = "<group>";
		};
		43972D161F3989670029B66B /* LaunchScreen.storyboard */ = {
			isa = PBXVariantGroup;
			children = (
				43972D171F3989670029B66B /* Base */,
			);
			name = LaunchScreen.storyboard;
			sourceTree = "<group>";
		};
/* End PBXVariantGroup section */

/* Begin XCBuildConfiguration section */
		43972D251F3989680029B66B /* Debug */ = {
			isa = XCBuildConfiguration;
			buildSettings = {
				ALWAYS_SEARCH_USER_PATHS = NO;
				CLANG_ANALYZER_NONNULL = YES;
				CLANG_ANALYZER_NUMBER_OBJECT_CONVERSION = YES_AGGRESSIVE;
				CLANG_CXX_LANGUAGE_STANDARD = "gnu++0x";
				CLANG_CXX_LIBRARY = "libc++";
				CLANG_ENABLE_MODULES = YES;
				CLANG_ENABLE_OBJC_ARC = YES;
				CLANG_WARN_BLOCK_CAPTURE_AUTORELEASING = YES;
				CLANG_WARN_BOOL_CONVERSION = YES;
				CLANG_WARN_COMMA = YES;
				CLANG_WARN_CONSTANT_CONVERSION = YES;
				CLANG_WARN_DIRECT_OBJC_ISA_USAGE = YES_ERROR;
				CLANG_WARN_DOCUMENTATION_COMMENTS = YES;
				CLANG_WARN_EMPTY_BODY = YES;
				CLANG_WARN_ENUM_CONVERSION = YES;
				CLANG_WARN_INFINITE_RECURSION = YES;
				CLANG_WARN_INT_CONVERSION = YES;
				CLANG_WARN_NON_LITERAL_NULL_CONVERSION = YES;
				CLANG_WARN_OBJC_LITERAL_CONVERSION = YES;
				CLANG_WARN_OBJC_ROOT_CLASS = YES_ERROR;
				CLANG_WARN_RANGE_LOOP_ANALYSIS = YES;
				CLANG_WARN_STRICT_PROTOTYPES = YES;
				CLANG_WARN_SUSPICIOUS_MOVE = YES;
				CLANG_WARN_UNREACHABLE_CODE = YES;
				CLANG_WARN__DUPLICATE_METHOD_MATCH = YES;
				"CODE_SIGN_IDENTITY[sdk=iphoneos*]" = "iPhone Developer";
				COPY_PHASE_STRIP = NO;
				DEBUG_INFORMATION_FORMAT = dwarf;
				ENABLE_STRICT_OBJC_MSGSEND = YES;
				ENABLE_TESTABILITY = YES;
				GCC_C_LANGUAGE_STANDARD = gnu99;
				GCC_DYNAMIC_NO_PIC = NO;
				GCC_NO_COMMON_BLOCKS = YES;
				GCC_OPTIMIZATION_LEVEL = 0;
				GCC_PREPROCESSOR_DEFINITIONS = (
					"DEBUG=1",
					"$(inherited)",
				);
				GCC_WARN_64_TO_32_BIT_CONVERSION = YES;
				GCC_WARN_ABOUT_RETURN_TYPE = YES_ERROR;
				GCC_WARN_UNDECLARED_SELECTOR = YES;
				GCC_WARN_UNINITIALIZED_AUTOS = YES_AGGRESSIVE;
				GCC_WARN_UNUSED_FUNCTION = YES;
				GCC_WARN_UNUSED_VARIABLE = YES;
				IPHONEOS_DEPLOYMENT_TARGET = 10.3;
				MTL_ENABLE_DEBUG_INFO = YES;
				ONLY_ACTIVE_ARCH = YES;
				SDKROOT = iphoneos;
				SWIFT_ACTIVE_COMPILATION_CONDITIONS = DEBUG;
				SWIFT_OPTIMIZATION_LEVEL = "-Onone";
				SWIFT_VERSION = 4.2;
				TARGETED_DEVICE_FAMILY = "1,2";
			};
			name = Debug;
		};
		43972D261F3989680029B66B /* Release */ = {
			isa = XCBuildConfiguration;
			buildSettings = {
				ALWAYS_SEARCH_USER_PATHS = NO;
				CLANG_ANALYZER_NONNULL = YES;
				CLANG_ANALYZER_NUMBER_OBJECT_CONVERSION = YES_AGGRESSIVE;
				CLANG_CXX_LANGUAGE_STANDARD = "gnu++0x";
				CLANG_CXX_LIBRARY = "libc++";
				CLANG_ENABLE_MODULES = YES;
				CLANG_ENABLE_OBJC_ARC = YES;
				CLANG_WARN_BLOCK_CAPTURE_AUTORELEASING = YES;
				CLANG_WARN_BOOL_CONVERSION = YES;
				CLANG_WARN_COMMA = YES;
				CLANG_WARN_CONSTANT_CONVERSION = YES;
				CLANG_WARN_DIRECT_OBJC_ISA_USAGE = YES_ERROR;
				CLANG_WARN_DOCUMENTATION_COMMENTS = YES;
				CLANG_WARN_EMPTY_BODY = YES;
				CLANG_WARN_ENUM_CONVERSION = YES;
				CLANG_WARN_INFINITE_RECURSION = YES;
				CLANG_WARN_INT_CONVERSION = YES;
				CLANG_WARN_NON_LITERAL_NULL_CONVERSION = YES;
				CLANG_WARN_OBJC_LITERAL_CONVERSION = YES;
				CLANG_WARN_OBJC_ROOT_CLASS = YES_ERROR;
				CLANG_WARN_RANGE_LOOP_ANALYSIS = YES;
				CLANG_WARN_STRICT_PROTOTYPES = YES;
				CLANG_WARN_SUSPICIOUS_MOVE = YES;
				CLANG_WARN_UNREACHABLE_CODE = YES;
				CLANG_WARN__DUPLICATE_METHOD_MATCH = YES;
				"CODE_SIGN_IDENTITY[sdk=iphoneos*]" = "iPhone Developer";
				COPY_PHASE_STRIP = NO;
				DEBUG_INFORMATION_FORMAT = "dwarf-with-dsym";
				ENABLE_NS_ASSERTIONS = NO;
				ENABLE_STRICT_OBJC_MSGSEND = YES;
				GCC_C_LANGUAGE_STANDARD = gnu99;
				GCC_NO_COMMON_BLOCKS = YES;
				GCC_WARN_64_TO_32_BIT_CONVERSION = YES;
				GCC_WARN_ABOUT_RETURN_TYPE = YES_ERROR;
				GCC_WARN_UNDECLARED_SELECTOR = YES;
				GCC_WARN_UNINITIALIZED_AUTOS = YES_AGGRESSIVE;
				GCC_WARN_UNUSED_FUNCTION = YES;
				GCC_WARN_UNUSED_VARIABLE = YES;
				IPHONEOS_DEPLOYMENT_TARGET = 10.3;
				MTL_ENABLE_DEBUG_INFO = NO;
				SDKROOT = iphoneos;
				SWIFT_OPTIMIZATION_LEVEL = "-Owholemodule";
				SWIFT_VERSION = 4.2;
				TARGETED_DEVICE_FAMILY = "1,2";
				VALIDATE_PRODUCT = YES;
			};
			name = Release;
		};
		43972D281F3989680029B66B /* Debug */ = {
			isa = XCBuildConfiguration;
			baseConfigurationReference = 9FEC0DCA86F1A75427DA8F52 /* Pods-Demo.debug.xcconfig */;
			buildSettings = {
				ASSETCATALOG_COMPILER_APPICON_NAME = AppIcon;
				"CODE_SIGN_IDENTITY[sdk=iphoneos*]" = "iPhone Developer";
				CODE_SIGN_STYLE = Automatic;
				DEVELOPMENT_TEAM = U4H4D3GM6A;
				INFOPLIST_FILE = "$(SRCROOT)/Demo/Info.plist";
				LD_RUNPATH_SEARCH_PATHS = "$(inherited) @executable_path/Frameworks";
				PRODUCT_BUNDLE_IDENTIFIER = ru.Tt.demo;
				PRODUCT_NAME = "$(TARGET_NAME)";
				PROVISIONING_PROFILE = "";
				PROVISIONING_PROFILE_SPECIFIER = "";
				SWIFT_SWIFT3_OBJC_INFERENCE = On;
				SWIFT_VERSION = 4.2;
			};
			name = Debug;
		};
		43972D291F3989680029B66B /* Release */ = {
			isa = XCBuildConfiguration;
			baseConfigurationReference = 6791BDCA46A4BDAC9BE82602 /* Pods-Demo.release.xcconfig */;
			buildSettings = {
				ASSETCATALOG_COMPILER_APPICON_NAME = AppIcon;
				"CODE_SIGN_IDENTITY[sdk=iphoneos*]" = "iPhone Developer";
				CODE_SIGN_STYLE = Automatic;
				DEVELOPMENT_TEAM = U4H4D3GM6A;
				INFOPLIST_FILE = "$(SRCROOT)/Demo/Info.plist";
				LD_RUNPATH_SEARCH_PATHS = "$(inherited) @executable_path/Frameworks";
				PRODUCT_BUNDLE_IDENTIFIER = ru.Tt.demo;
				PRODUCT_NAME = "$(TARGET_NAME)";
				PROVISIONING_PROFILE_SPECIFIER = "";
				SWIFT_SWIFT3_OBJC_INFERENCE = On;
				SWIFT_VERSION = 4.2;
			};
			name = Release;
		};
		43972D2B1F3989680029B66B /* Debug */ = {
			isa = XCBuildConfiguration;
			buildSettings = {
				ALWAYS_EMBED_SWIFT_STANDARD_LIBRARIES = YES;
				BUNDLE_LOADER = "$(TEST_HOST)";
				INFOPLIST_FILE = TDemoTests/Info.plist;
				LD_RUNPATH_SEARCH_PATHS = "$(inherited) @executable_path/Frameworks @loader_path/Frameworks";
				PRODUCT_BUNDLE_IDENTIFIER = ru.Tt.TDemoTests;
				PRODUCT_NAME = "$(TARGET_NAME)";
				SWIFT_SWIFT3_OBJC_INFERENCE = On;
				SWIFT_VERSION = 4.2;
				TEST_HOST = "$(BUILT_PRODUCTS_DIR)/Demo.app/Demo";
			};
			name = Debug;
		};
		43972D2C1F3989680029B66B /* Release */ = {
			isa = XCBuildConfiguration;
			buildSettings = {
				ALWAYS_EMBED_SWIFT_STANDARD_LIBRARIES = YES;
				BUNDLE_LOADER = "$(TEST_HOST)";
				INFOPLIST_FILE = TDemoTests/Info.plist;
				LD_RUNPATH_SEARCH_PATHS = "$(inherited) @executable_path/Frameworks @loader_path/Frameworks";
				PRODUCT_BUNDLE_IDENTIFIER = ru.Tt.TDemoTests;
				PRODUCT_NAME = "$(TARGET_NAME)";
				SWIFT_SWIFT3_OBJC_INFERENCE = On;
				SWIFT_VERSION = 4.2;
				TEST_HOST = "$(BUILT_PRODUCTS_DIR)/Demo.app/Demo";
			};
			name = Release;
		};
/* End XCBuildConfiguration section */

/* Begin XCConfigurationList section */
		43972D051F3989670029B66B /* Build configuration list for PBXProject "Demo" */ = {
			isa = XCConfigurationList;
			buildConfigurations = (
				43972D251F3989680029B66B /* Debug */,
				43972D261F3989680029B66B /* Release */,
			);
			defaultConfigurationIsVisible = 0;
			defaultConfigurationName = Release;
		};
		43972D271F3989680029B66B /* Build configuration list for PBXNativeTarget "Demo" */ = {
			isa = XCConfigurationList;
			buildConfigurations = (
				43972D281F3989680029B66B /* Debug */,
				43972D291F3989680029B66B /* Release */,
			);
			defaultConfigurationIsVisible = 0;
			defaultConfigurationName = Release;
		};
		43972D2A1F3989680029B66B /* Build configuration list for PBXNativeTarget "DemoTests" */ = {
			isa = XCConfigurationList;
			buildConfigurations = (
				43972D2B1F3989680029B66B /* Debug */,
				43972D2C1F3989680029B66B /* Release */,
			);
			defaultConfigurationIsVisible = 0;
			defaultConfigurationName = Release;
		};
/* End XCConfigurationList section */
	};
	rootObject = 43972D021F3989670029B66B /* Project object */;
}
